
Microsoft Visual Studio Solution File, Format Version 12.00
# Visual Studio Version 17
VisualStudioVersion = 17.1.32328.378
MinimumVisualStudioVersion = 10.0.40219.1
Project("{FAE04EC0-301F-11D3-BF4B-00C04F79EFBC}") = "Bank", "Bank\Bank.csproj", "{B9F95DAC-F46F-424D-AE3F-4F6B4C96FCBA}"
EndProject
Global
	GlobalSection(SolutionConfigurationPlatforms) = preSolution
		Debug|Any CPU = Debug|Any CPU
		Release|Any CPU = Release|Any CPU
	EndGlobalSection
	GlobalSection(ProjectConfigurationPlatforms) = postSolution
		{B9F95DAC-F46F-424D-AE3F-4F6B4C96FCBA}.Debug|Any CPU.ActiveCfg = Debug|Any CPU
		{B9F95DAC-F46F-424D-AE3F-4F6B4C96FCBA}.Debug|Any CPU.Build.0 = Debug|Any CPU
		{B9F95DAC-F46F-424D-AE3F-4F6B4C96FCBA}.Release|Any CPU.ActiveCfg = Release|Any CPU
		{B9F95DAC-F46F-424D-AE3F-4F6B4C96FCBA}.Release|Any CPU.Build.0 = Release|Any CPU
	EndGlobalSection
	GlobalSection(SolutionProperties) = preSolution
		HideSolutionNode = FALSE
	EndGlobalSection
	GlobalSection(ExtensibilityGlobals) = postSolution
		SolutionGuid = {BE8F741C-2757-4123-8333-8F1F3E986DFF}
	EndGlobalSection
EndGlobal
